
Microsoft Visual Studio Solution File, Format Version 12.00
# Visual Studio Version 17
VisualStudioVersion = 17.3.32929.385
MinimumVisualStudioVersion = 10.0.40219.1
Project("{9A19103F-16F7-4668-BE54-9A1E7A4F7556}") = "Anc.Certification.Api.Automation.Tests", "Anc.Certification.Api.Automation.Tests\Anc.Certification.Api.Automation.Tests.csproj", "{08662581-23D7-4DC0-9050-91BF530836DA}"
EndProject
Global
	GlobalSection(SolutionConfigurationPlatforms) = preSolution
		Debug|Any CPU = Debug|Any CPU
		Release|Any CPU = Release|Any CPU
	EndGlobalSection
	GlobalSection(ProjectConfigurationPlatforms) = postSolution
		{08662581-23D7-4DC0-9050-91BF530836DA}.Debug|Any CPU.ActiveCfg = Debug|Any CPU
		{08662581-23D7-4DC0-9050-91BF530836DA}.Debug|Any CPU.Build.0 = Debug|Any CPU
		{08662581-23D7-4DC0-9050-91BF530836DA}.Release|Any CPU.ActiveCfg = Release|Any CPU
		{08662581-23D7-4DC0-9050-91BF530836DA}.Release|Any CPU.Build.0 = Release|Any CPU
	EndGlobalSection
	GlobalSection(SolutionProperties) = preSolution
		HideSolutionNode = FALSE
	EndGlobalSection
	GlobalSection(ExtensibilityGlobals) = postSolution
		SolutionGuid = {FE2B316F-B17C-4A6B-846C-6091F51AF9A8}
	EndGlobalSection
EndGlobal
